{
  "version": 4,
  "terraform_version": "1.9.7",
  "serial": 9,
  "lineage": "3ba24876-e1b6-f084-1690-868cecba5d77",
  "outputs": {
    "eks_user_access_key_id": {
      "value": "AKIAQPYBMCHQXPAEBRGB",
      "type": "string",
      "sensitive": true
    },
    "eks_user_console": {
      "value": "https://console.aws.amazon.com/",
      "type": "string"
    },
    "eks_user_secret_access_key": {
      "value": "dS1s1L6TdqQKMYraIL+Ueqc0VUomqqt8XlN6LJLn",
      "type": "string",
      "sensitive": true
    }
  },
  "resources": [
    {
      "module": "module.iam_user",
      "mode": "managed",
      "type": "aws_iam_access_key",
      "name": "this",
      "provider": "provider[\"registry.terraform.io/hashicorp/aws\"]",
      "instances": [
        {
          "schema_version": 0,
          "attributes": {
            "create_date": "2025-08-30T06:20:42Z",
            "encrypted_secret": null,
            "encrypted_ses_smtp_password_v4": null,
            "id": "AKIAQPYBMCHQXPAEBRGB",
            "key_fingerprint": null,
            "pgp_key": null,
            "secret": "dS1s1L6TdqQKMYraIL+Ueqc0VUomqqt8XlN6LJLn",
            "ses_smtp_password_v4": "BOPa/r+d2EYQ38+fqU08jJka9z3lPCWi9aM8Mgo2hrXY",
            "status": "Active",
            "user": "Eks_User"
          },
          "sensitive_attributes": [
            [
              {
                "type": "get_attr",
                "value": "secret"
              }
            ],
            [
              {
                "type": "get_attr",
                "value": "ses_smtp_password_v4"
              }
            ]
          ],
          "private": "bnVsbA==",
          "dependencies": [
            "module.iam_user.aws_iam_user.this"
          ]
        }
      ]
    },
    {
      "module": "module.iam_user",
      "mode": "managed",
      "type": "aws_iam_user",
      "name": "this",
      "provider": "provider[\"registry.terraform.io/hashicorp/aws\"]",
      "instances": [
        {
          "schema_version": 0,
          "attributes": {
            "arn": "arn:aws:iam::033825755617:user/Eks_User",
            "force_destroy": false,
            "id": "Eks_User",
            "name": "Eks_User",
            "path": "/",
            "permissions_boundary": "",
            "tags": {
              "CreatedBy": "Aditya",
              "Purpose": "EKS access"
            },
            "tags_all": {
              "CreatedBy": "Aditya",
              "Purpose": "EKS access"
            },
            "unique_id": "AIDAQPYBMCHQ5YYVSKSQW"
          },
          "sensitive_attributes": [],
          "private": "bnVsbA=="
        }
      ]
    },
    {
      "module": "module.iam_user",
      "mode": "managed",
      "type": "aws_iam_user_policy_attachment",
      "name": "attachments",
      "provider": "provider[\"registry.terraform.io/hashicorp/aws\"]",
      "instances": [
        {
          "index_key": "arn:aws:iam::aws:policy/AWSCloudFormationFullAccess",
          "schema_version": 0,
          "attributes": {
            "id": "Eks_User-20250830062043430700000003",
            "policy_arn": "arn:aws:iam::aws:policy/AWSCloudFormationFullAccess",
            "user": "Eks_User"
          },
          "sensitive_attributes": [],
          "private": "bnVsbA==",
          "dependencies": [
            "module.iam_user.aws_iam_user.this"
          ]
        },
        {
          "index_key": "arn:aws:iam::aws:policy/AdministratorAccess",
          "schema_version": 0,
          "attributes": {
            "id": "Eks_User-20250830062043468000000004",
            "policy_arn": "arn:aws:iam::aws:policy/AdministratorAccess",
            "user": "Eks_User"
          },
          "sensitive_attributes": [],
          "private": "bnVsbA==",
          "dependencies": [
            "module.iam_user.aws_iam_user.this"
          ]
        },
        {
          "index_key": "arn:aws:iam::aws:policy/AmazonEC2FullAccess",
          "schema_version": 0,
          "attributes": {
            "id": "Eks_User-20250830062043092500000002",
            "policy_arn": "arn:aws:iam::aws:policy/AmazonEC2FullAccess",
            "user": "Eks_User"
          },
          "sensitive_attributes": [],
          "private": "bnVsbA==",
          "dependencies": [
            "module.iam_user.aws_iam_user.this"
          ]
        },
        {
          "index_key": "arn:aws:iam::aws:policy/AmazonEKSClusterPolicy",
          "schema_version": 0,
          "attributes": {
            "id": "Eks_User-20250830062043495100000005",
            "policy_arn": "arn:aws:iam::aws:policy/AmazonEKSClusterPolicy",
            "user": "Eks_User"
          },
          "sensitive_attributes": [],
          "private": "bnVsbA==",
          "dependencies": [
            "module.iam_user.aws_iam_user.this"
          ]
        },
        {
          "index_key": "arn:aws:iam::aws:policy/AmazonVPCFullAccess",
          "schema_version": 0,
          "attributes": {
            "id": "Eks_User-20250830062043551600000006",
            "policy_arn": "arn:aws:iam::aws:policy/AmazonVPCFullAccess",
            "user": "Eks_User"
          },
          "sensitive_attributes": [],
          "private": "bnVsbA==",
          "dependencies": [
            "module.iam_user.aws_iam_user.this"
          ]
        },
        {
          "index_key": "arn:aws:iam::aws:policy/IAMFullAccess",
          "schema_version": 0,
          "attributes": {
            "id": "Eks_User-20250830062042747900000001",
            "policy_arn": "arn:aws:iam::aws:policy/IAMFullAccess",
            "user": "Eks_User"
          },
          "sensitive_attributes": [],
          "private": "bnVsbA==",
          "dependencies": [
            "module.iam_user.aws_iam_user.this"
          ]
        }
      ]
    }
  ],
  "check_results": null
}
